{
  "name": "jakrox.github.io",
  "version": "1.0.0",
  "lockfileVersion": 1,
  "requires": true,
  "dependencies": {
    "bulma-checkradio": {
      "version": "1.1.1",
      "resolved": "https://registry.npmjs.org/bulma-checkradio/-/bulma-checkradio-1.1.1.tgz",
      "integrity": "sha512-6Wn2faBiFkctSeiaQkeU2MbjkQeuXsN4AthBDEKrHGGPl5wmV2GEj4iZCqzvw7Te7baaHdU8PbUgrmlD5D6oGA=="
    }
  }
}
